
Microsoft Visual Studio Solution File, Format Version 12.00
# Visual Studio Version 17
VisualStudioVersion = 17.11.35327.3
MinimumVisualStudioVersion = 10.0.40219.1
Project("{FAE04EC0-301F-11D3-BF4B-00C04F79EFBC}") = "Dadata_API", "Dadata_API\Dadata_API.csproj", "{966DD891-9DEE-47BE-8A7E-F8165C409C4F}"
EndProject
Global
	GlobalSection(SolutionConfigurationPlatforms) = preSolution
		Debug|Any CPU = Debug|Any CPU
		Release|Any CPU = Release|Any CPU
	EndGlobalSection
	GlobalSection(ProjectConfigurationPlatforms) = postSolution
		{966DD891-9DEE-47BE-8A7E-F8165C409C4F}.Debug|Any CPU.ActiveCfg = Debug|Any CPU
		{966DD891-9DEE-47BE-8A7E-F8165C409C4F}.Debug|Any CPU.Build.0 = Debug|Any CPU
		{966DD891-9DEE-47BE-8A7E-F8165C409C4F}.Release|Any CPU.ActiveCfg = Release|Any CPU
		{966DD891-9DEE-47BE-8A7E-F8165C409C4F}.Release|Any CPU.Build.0 = Release|Any CPU
	EndGlobalSection
	GlobalSection(SolutionProperties) = preSolution
		HideSolutionNode = FALSE
	EndGlobalSection
	GlobalSection(ExtensibilityGlobals) = postSolution
		SolutionGuid = {FA70AE7D-6335-473B-876F-7EE8CB095D23}
	EndGlobalSection
EndGlobal
